// !$*UTF8*$!
{
	archiveVersion = 1;
	classes = {
	};
	objectVersion = 56;
	objects = {

/* Begin PBXBuildFile section */
		656C5F4C2B30A3CE009E5245 /* AppDelegate.swift in Sources */ = {isa = PBXBuildFile; fileRef = 656C5F4B2B30A3CE009E5245 /* AppDelegate.swift */; };
		656C5F4E2B30A3CE009E5245 /* SceneDelegate.swift in Sources */ = {isa = PBXBuildFile; fileRef = 656C5F4D2B30A3CE009E5245 /* SceneDelegate.swift */; };
		656C5F502B30A3CE009E5245 /* HomeViewController.swift in Sources */ = {isa = PBXBuildFile; fileRef = 656C5F4F2B30A3CE009E5245 /* HomeViewController.swift */; };
		656C5F532B30A3CE009E5245 /* Main.storyboard in Resources */ = {isa = PBXBuildFile; fileRef = 656C5F512B30A3CE009E5245 /* Main.storyboard */; };
		656C5F552B30A3CF009E5245 /* Assets.xcassets in Resources */ = {isa = PBXBuildFile; fileRef = 656C5F542B30A3CF009E5245 /* Assets.xcassets */; };
		656C5F582B30A3CF009E5245 /* LaunchScreen.storyboard in Resources */ = {isa = PBXBuildFile; fileRef = 656C5F562B30A3CF009E5245 /* LaunchScreen.storyboard */; };
		656C5F632B30A3CF009E5245 /* FileManagerSampleTests.swift in Sources */ = {isa = PBXBuildFile; fileRef = 656C5F622B30A3CF009E5245 /* FileManagerSampleTests.swift */; };
		656C5F6D2B30A3CF009E5245 /* FileManagerSampleUITests.swift in Sources */ = {isa = PBXBuildFile; fileRef = 656C5F6C2B30A3CF009E5245 /* FileManagerSampleUITests.swift */; };
		656C5F6F2B30A3CF009E5245 /* FileManagerSampleUITestsLaunchTests.swift in Sources */ = {isa = PBXBuildFile; fileRef = 656C5F6E2B30A3CF009E5245 /* FileManagerSampleUITestsLaunchTests.swift */; };
		656C5F7F2B30A44B009E5245 /* HomeViewModel.swift in Sources */ = {isa = PBXBuildFile; fileRef = 656C5F7E2B30A44B009E5245 /* HomeViewModel.swift */; };
		656C5F802B30A9B0009E5245 /* HomeViewModel.swift in Sources */ = {isa = PBXBuildFile; fileRef = 656C5F7E2B30A44B009E5245 /* HomeViewModel.swift */; };
/* End PBXBuildFile section */

/* Begin PBXContainerItemProxy section */
		656C5F5F2B30A3CF009E5245 /* PBXContainerItemProxy */ = {
			isa = PBXContainerItemProxy;
			containerPortal = 656C5F402B30A3CE009E5245 /* Project object */;
			proxyType = 1;
			remoteGlobalIDString = 656C5F472B30A3CE009E5245;
			remoteInfo = FileManagerSample;
		};
		656C5F692B30A3CF009E5245 /* PBXContainerItemProxy */ = {
			isa = PBXContainerItemProxy;
			containerPortal = 656C5F402B30A3CE009E5245 /* Project object */;
			proxyType = 1;
			remoteGlobalIDString = 656C5F472B30A3CE009E5245;
			remoteInfo = FileManagerSample;
		};
/* End PBXContainerItemProxy section */

/* Begin PBXFileReference section */
		656C5F482B30A3CE009E5245 /* FileManagerSample.app */ = {isa = PBXFileReference; explicitFileType = wrapper.application; includeInIndex = 0; path = FileManagerSample.app; sourceTree = BUILT_PRODUCTS_DIR; };
		656C5F4B2B30A3CE009E5245 /* AppDelegate.swift */ = {isa = PBXFileReference; lastKnownFileType = sourcecode.swift; path = AppDelegate.swift; sourceTree = "<group>"; };
		656C5F4D2B30A3CE009E5245 /* SceneDelegate.swift */ = {isa = PBXFileReference; lastKnownFileType = sourcecode.swift; path = SceneDelegate.swift; sourceTree = "<group>"; };
		656C5F4F2B30A3CE009E5245 /* HomeViewController.swift */ = {isa = PBXFileReference; lastKnownFileType = sourcecode.swift; path = HomeViewController.swift; sourceTree = "<group>"; };
		656C5F522B30A3CE009E5245 /* Base */ = {isa = PBXFileReference; lastKnownFileType = file.storyboard; name = Base; path = Base.lproj/Main.storyboard; sourceTree = "<group>"; };
		656C5F542B30A3CF009E5245 /* Assets.xcassets */ = {isa = PBXFileReference; lastKnownFileType = folder.assetcatalog; path = Assets.xcassets; sourceTree = "<group>"; };
		656C5F572B30A3CF009E5245 /* Base */ = {isa = PBXFileReference; lastKnownFileType = file.storyboard; name = Base; path = Base.lproj/LaunchScreen.storyboard; sourceTree = "<group>"; };
		656C5F592B30A3CF009E5245 /* Info.plist */ = {isa = PBXFileReference; lastKnownFileType = text.plist.xml; path = Info.plist; sourceTree = "<group>"; };
		656C5F5E2B30A3CF009E5245 /* FileManagerSampleTests.xctest */ = {isa = PBXFileReference; explicitFileType = wrapper.cfbundle; includeInIndex = 0; path = FileManagerSampleTests.xctest; sourceTree = BUILT_PRODUCTS_DIR; };
		656C5F622B30A3CF009E5245 /* FileManagerSampleTests.swift */ = {isa = PBXFileReference; lastKnownFileType = sourcecode.swift; path = FileManagerSampleTests.swift; sourceTree = "<group>"; };
		656C5F682B30A3CF009E5245 /* FileManagerSampleUITests.xctest */ = {isa = PBXFileReference; explicitFileType = wrapper.cfbundle; includeInIndex = 0; path = FileManagerSampleUITests.xctest; sourceTree = BUILT_PRODUCTS_DIR; };
		656C5F6C2B30A3CF009E5245 /* FileManagerSampleUITests.swift */ = {isa = PBXFileReference; lastKnownFileType = sourcecode.swift; path = FileManagerSampleUITests.swift; sourceTree = "<group>"; };
		656C5F6E2B30A3CF009E5245 /* FileManagerSampleUITestsLaunchTests.swift */ = {isa = PBXFileReference; lastKnownFileType = sourcecode.swift; path = FileManagerSampleUITestsLaunchTests.swift; sourceTree = "<group>"; };
		656C5F7E2B30A44B009E5245 /* HomeViewModel.swift */ = {isa = PBXFileReference; lastKnownFileType = sourcecode.swift; path = HomeViewModel.swift; sourceTree = "<group>"; };
/* End PBXFileReference section */

/* Begin PBXFrameworksBuildPhase section */
		656C5F452B30A3CE009E5245 /* Frameworks */ = {
			isa = PBXFrameworksBuildPhase;
			buildActionMask = 2147483647;
			files = (
			);
			runOnlyForDeploymentPostprocessing = 0;
		};
		656C5F5B2B30A3CF009E5245 /* Frameworks */ = {
			isa = PBXFrameworksBuildPhase;
			buildActionMask = 2147483647;
			files = (
			);
			runOnlyForDeploymentPostprocessing = 0;
		};
		656C5F652B30A3CF009E5245 /* Frameworks */ = {
			isa = PBXFrameworksBuildPhase;
			buildActionMask = 2147483647;
			files = (
			);
			runOnlyForDeploymentPostprocessing = 0;
		};
/* End PBXFrameworksBuildPhase section */

/* Begin PBXGroup section */
		656C5F3F2B30A3CE009E5245 = {
			isa = PBXGroup;
			children = (
				656C5F4A2B30A3CE009E5245 /* FileManagerSample */,
				656C5F612B30A3CF009E5245 /* FileManagerSampleTests */,
				656C5F6B2B30A3CF009E5245 /* FileManagerSampleUITests */,
				656C5F492B30A3CE009E5245 /* Products */,
			);
			sourceTree = "<group>";
		};
		656C5F492B30A3CE009E5245 /* Products */ = {
			isa = PBXGroup;
			children = (
				656C5F482B30A3CE009E5245 /* FileManagerSample.app */,
				656C5F5E2B30A3CF009E5245 /* FileManagerSampleTests.xctest */,
				656C5F682B30A3CF009E5245 /* FileManagerSampleUITests.xctest */,
			);
			name = Products;
			sourceTree = "<group>";
		};
		656C5F4A2B30A3CE009E5245 /* FileManagerSample */ = {
			isa = PBXGroup;
			children = (
				656C5F7B2B30A3D6009E5245 /* Home */,
				656C5F4B2B30A3CE009E5245 /* AppDelegate.swift */,
				656C5F4D2B30A3CE009E5245 /* SceneDelegate.swift */,
				656C5F512B30A3CE009E5245 /* Main.storyboard */,
				656C5F542B30A3CF009E5245 /* Assets.xcassets */,
				656C5F562B30A3CF009E5245 /* LaunchScreen.storyboard */,
				656C5F592B30A3CF009E5245 /* Info.plist */,
			);
			path = FileManagerSample;
			sourceTree = "<group>";
		};
		656C5F612B30A3CF009E5245 /* FileManagerSampleTests */ = {
			isa = PBXGroup;
			children = (
				656C5F622B30A3CF009E5245 /* FileManagerSampleTests.swift */,
			);
			path = FileManagerSampleTests;
			sourceTree = "<group>";
		};
		656C5F6B2B30A3CF009E5245 /* FileManagerSampleUITests */ = {
			isa = PBXGroup;
			children = (
				656C5F6C2B30A3CF009E5245 /* FileManagerSampleUITests.swift */,
				656C5F6E2B30A3CF009E5245 /* FileManagerSampleUITestsLaunchTests.swift */,
			);
			path = FileManagerSampleUITests;
			sourceTree = "<group>";
		};
		656C5F7B2B30A3D6009E5245 /* Home */ = {
			isa = PBXGroup;
			children = (
				656C5F7D2B30A3E7009E5245 /* ViewModel */,
				656C5F7C2B30A3E0009E5245 /* ViewController */,
			);
			path = Home;
			sourceTree = "<group>";
		};
		656C5F7C2B30A3E0009E5245 /* ViewController */ = {
			isa = PBXGroup;
			children = (
				656C5F4F2B30A3CE009E5245 /* HomeViewController.swift */,
			);
			path = ViewController;
			sourceTree = "<group>";
		};
		656C5F7D2B30A3E7009E5245 /* ViewModel */ = {
			isa = PBXGroup;
			children = (
				656C5F7E2B30A44B009E5245 /* HomeViewModel.swift */,
			);
			path = ViewModel;
			sourceTree = "<group>";
		};
/* End PBXGroup section */

/* Begin PBXNativeTarget section */
		656C5F472B30A3CE009E5245 /* FileManagerSample */ = {
			isa = PBXNativeTarget;
			buildConfigurationList = 656C5F722B30A3CF009E5245 /* Build configuration list for PBXNativeTarget "FileManagerSample" */;
			buildPhases = (
				656C5F442B30A3CE009E5245 /* Sources */,
				656C5F452B30A3CE009E5245 /* Frameworks */,
				656C5F462B30A3CE009E5245 /* Resources */,
			);
			buildRules = (
			);
			dependencies = (
			);
			name = FileManagerSample;
			productName = FileManagerSample;
			productReference = 656C5F482B30A3CE009E5245 /* FileManagerSample.app */;
			productType = "com.apple.product-type.application";
		};
		656C5F5D2B30A3CF009E5245 /* FileManagerSampleTests */ = {
			isa = PBXNativeTarget;
			buildConfigurationList = 656C5F752B30A3CF009E5245 /* Build configuration list for PBXNativeTarget "FileManagerSampleTests" */;
			buildPhases = (
				656C5F5A2B30A3CF009E5245 /* Sources */,
				656C5F5B2B30A3CF009E5245 /* Frameworks */,
				656C5F5C2B30A3CF009E5245 /* Resources */,
			);
			buildRules = (
			);
			dependencies = (
				656C5F602B30A3CF009E5245 /* PBXTargetDependency */,
			);
			name = FileManagerSampleTests;
			productName = FileManagerSampleTests;
			productReference = 656C5F5E2B30A3CF009E5245 /* FileManagerSampleTests.xctest */;
			productType = "com.apple.product-type.bundle.unit-test";
		};
		656C5F672B30A3CF009E5245 /* FileManagerSampleUITests */ = {
			isa = PBXNativeTarget;
			buildConfigurationList = 656C5F782B30A3CF009E5245 /* Build configuration list for PBXNativeTarget "FileManagerSampleUITests" */;
			buildPhases = (
				656C5F642B30A3CF009E5245 /* Sources */,
				656C5F652B30A3CF009E5245 /* Frameworks */,
				656C5F662B30A3CF009E5245 /* Resources */,
			);
			buildRules = (
			);
			dependencies = (
				656C5F6A2B30A3CF009E5245 /* PBXTargetDependency */,
			);
			name = FileManagerSampleUITests;
			productName = FileManagerSampleUITests;
			productReference = 656C5F682B30A3CF009E5245 /* FileManagerSampleUITests.xctest */;
			productType = "com.apple.product-type.bundle.ui-testing";
		};
/* End PBXNativeTarget section */

/* Begin PBXProject section */
		656C5F402B30A3CE009E5245 /* Project object */ = {
			isa = PBXProject;
			attributes = {
				BuildIndependentTargetsInParallel = 1;
				LastSwiftUpdateCheck = 1510;
				LastUpgradeCheck = 1510;
				TargetAttributes = {
					656C5F472B30A3CE009E5245 = {
						CreatedOnToolsVersion = 15.1;
					};
					656C5F5D2B30A3CF009E5245 = {
						CreatedOnToolsVersion = 15.1;
						TestTargetID = 656C5F472B30A3CE009E5245;
					};
					656C5F672B30A3CF009E5245 = {
						CreatedOnToolsVersion = 15.1;
						TestTargetID = 656C5F472B30A3CE009E5245;
					};
				};
			};
			buildConfigurationList = 656C5F432B30A3CE009E5245 /* Build configuration list for PBXProject "FileManagerSample" */;
			compatibilityVersion = "Xcode 14.0";
			developmentRegion = en;
			hasScannedForEncodings = 0;
			knownRegions = (
				en,
				Base,
			);
			mainGroup = 656C5F3F2B30A3CE009E5245;
			productRefGroup = 656C5F492B30A3CE009E5245 /* Products */;
			projectDirPath = "";
			projectRoot = "";
			targets = (
				656C5F472B30A3CE009E5245 /* FileManagerSample */,
				656C5F5D2B30A3CF009E5245 /* FileManagerSampleTests */,
				656C5F672B30A3CF009E5245 /* FileManagerSampleUITests */,
			);
		};
/* End PBXProject section */

/* Begin PBXResourcesBuildPhase section */
		656C5F462B30A3CE009E5245 /* Resources */ = {
			isa = PBXResourcesBuildPhase;
			buildActionMask = 2147483647;
			files = (
				656C5F582B30A3CF009E5245 /* LaunchScreen.storyboard in Resources */,
				656C5F552B30A3CF009E5245 /* Assets.xcassets in Resources */,
				656C5F532B30A3CE009E5245 /* Main.storyboard in Resources */,
			);
			runOnlyForDeploymentPostprocessing = 0;
		};
		656C5F5C2B30A3CF009E5245 /* Resources */ = {
			isa = PBXResourcesBuildPhase;
			buildActionMask = 2147483647;
			files = (
			);
			runOnlyForDeploymentPostprocessing = 0;
		};
		656C5F662B30A3CF009E5245 /* Resources */ = {
			isa = PBXResourcesBuildPhase;
			buildActionMask = 2147483647;
			files = (
			);
			runOnlyForDeploymentPostprocessing = 0;
		};
/* End PBXResourcesBuildPhase section */

/* Begin PBXSourcesBuildPhase section */
		656C5F442B30A3CE009E5245 /* Sources */ = {
			isa = PBXSourcesBuildPhase;
			buildActionMask = 2147483647;
			files = (
				656C5F502B30A3CE009E5245 /* HomeViewController.swift in Sources */,
				656C5F4C2B30A3CE009E5245 /* AppDelegate.swift in Sources */,
				656C5F4E2B30A3CE009E5245 /* SceneDelegate.swift in Sources */,
				656C5F7F2B30A44B009E5245 /* HomeViewModel.swift in Sources */,
			);
			runOnlyForDeploymentPostprocessing = 0;
		};
		656C5F5A2B30A3CF009E5245 /* Sources */ = {
			isa = PBXSourcesBuildPhase;
			buildActionMask = 2147483647;
			files = (
				656C5F632B30A3CF009E5245 /* FileManagerSampleTests.swift in Sources */,
				656C5F802B30A9B0009E5245 /* HomeViewModel.swift in Sources */,
			);
			runOnlyForDeploymentPostprocessing = 0;
		};
		656C5F642B30A3CF009E5245 /* Sources */ = {
			isa = PBXSourcesBuildPhase;
			buildActionMask = 2147483647;
			files = (
				656C5F6F2B30A3CF009E5245 /* FileManagerSampleUITestsLaunchTests.swift in Sources */,
				656C5F6D2B30A3CF009E5245 /* FileManagerSampleUITests.swift in Sources */,
			);
			runOnlyForDeploymentPostprocessing = 0;
		};
/* End PBXSourcesBuildPhase section */

/* Begin PBXTargetDependency section */
		656C5F602B30A3CF009E5245 /* PBXTargetDependency */ = {
			isa = PBXTargetDependency;
			target = 656C5F472B30A3CE009E5245 /* FileManagerSample */;
			targetProxy = 656C5F5F2B30A3CF009E5245 /* PBXContainerItemProxy */;
		};
		656C5F6A2B30A3CF009E5245 /* PBXTargetDependency */ = {
			isa = PBXTargetDependency;
			target = 656C5F472B30A3CE009E5245 /* FileManagerSample */;
			targetProxy = 656C5F692B30A3CF009E5245 /* PBXContainerItemProxy */;
		};
/* End PBXTargetDependency section */

/* Begin PBXVariantGroup section */
		656C5F512B30A3CE009E5245 /* Main.storyboard */ = {
			isa = PBXVariantGroup;
			children = (
				656C5F522B30A3CE009E5245 /* Base */,
			);
			name = Main.storyboard;
			sourceTree = "<group>";
		};
		656C5F562B30A3CF009E5245 /* LaunchScreen.storyboard */ = {
			isa = PBXVariantGroup;
			children = (
				656C5F572B30A3CF009E5245 /* Base */,
			);
			name = LaunchScreen.storyboard;
			sourceTree = "<group>";
		};
/* End PBXVariantGroup section */

/* Begin XCBuildConfiguration section */
		656C5F702B30A3CF009E5245 /* Debug */ = {
			isa = XCBuildConfiguration;
			buildSettings = {
				ALWAYS_SEARCH_USER_PATHS = NO;
				ASSETCATALOG_COMPILER_GENERATE_SWIFT_ASSET_SYMBOL_EXTENSIONS = YES;
				CLANG_ANALYZER_NONNULL = YES;
				CLANG_ANALYZER_NUMBER_OBJECT_CONVERSION = YES_AGGRESSIVE;
				CLANG_CXX_LANGUAGE_STANDARD = "gnu++20";
				CLANG_ENABLE_MODULES = YES;
				CLANG_ENABLE_OBJC_ARC = YES;
				CLANG_ENABLE_OBJC_WEAK = YES;
				CLANG_WARN_BLOCK_CAPTURE_AUTORELEASING = YES;
				CLANG_WARN_BOOL_CONVERSION = YES;
				CLANG_WARN_COMMA = YES;
				CLANG_WARN_CONSTANT_CONVERSION = YES;
				CLANG_WARN_DEPRECATED_OBJC_IMPLEMENTATIONS = YES;
				CLANG_WARN_DIRECT_OBJC_ISA_USAGE = YES_ERROR;
				CLANG_WARN_DOCUMENTATION_COMMENTS = YES;
				CLANG_WARN_EMPTY_BODY = YES;
				CLANG_WARN_ENUM_CONVERSION = YES;
				CLANG_WARN_INFINITE_RECURSION = YES;
				CLANG_WARN_INT_CONVERSION = YES;
				CLANG_WARN_NON_LITERAL_NULL_CONVERSION = YES;
				CLANG_WARN_OBJC_IMPLICIT_RETAIN_SELF = YES;
				CLANG_WARN_OBJC_LITERAL_CONVERSION = YES;
				CLANG_WARN_OBJC_ROOT_CLASS = YES_ERROR;
				CLANG_WARN_QUOTED_INCLUDE_IN_FRAMEWORK_HEADER = YES;
				CLANG_WARN_RANGE_LOOP_ANALYSIS = YES;
				CLANG_WARN_STRICT_PROTOTYPES = YES;
				CLANG_WARN_SUSPICIOUS_MOVE = YES;
				CLANG_WARN_UNGUARDED_AVAILABILITY = YES_AGGRESSIVE;
				CLANG_WARN_UNREACHABLE_CODE = YES;
				CLANG_WARN__DUPLICATE_METHOD_MATCH = YES;
				COPY_PHASE_STRIP = NO;
				DEBUG_INFORMATION_FORMAT = dwarf;
				ENABLE_STRICT_OBJC_MSGSEND = YES;
				ENABLE_TESTABILITY = YES;
				ENABLE_USER_SCRIPT_SANDBOXING = YES;
				GCC_C_LANGUAGE_STANDARD = gnu17;
				GCC_DYNAMIC_NO_PIC = NO;
				GCC_NO_COMMON_BLOCKS = YES;
				GCC_OPTIMIZATION_LEVEL = 0;
				GCC_PREPROCESSOR_DEFINITIONS = (
					"DEBUG=1",
					"$(inherited)",
				);
				GCC_WARN_64_TO_32_BIT_CONVERSION = YES;
				GCC_WARN_ABOUT_RETURN_TYPE = YES_ERROR;
				GCC_WARN_UNDECLARED_SELECTOR = YES;
				GCC_WARN_UNINITIALIZED_AUTOS = YES_AGGRESSIVE;
				GCC_WARN_UNUSED_FUNCTION = YES;
				GCC_WARN_UNUSED_VARIABLE = YES;
				IPHONEOS_DEPLOYMENT_TARGET = 17.2;
				LOCALIZATION_PREFERS_STRING_CATALOGS = YES;
				MTL_ENABLE_DEBUG_INFO = INCLUDE_SOURCE;
				MTL_FAST_MATH = YES;
				ONLY_ACTIVE_ARCH = YES;
				SDKROOT = iphoneos;
				SWIFT_ACTIVE_COMPILATION_CONDITIONS = "DEBUG $(inherited)";
				SWIFT_OPTIMIZATION_LEVEL = "-Onone";
			};
			name = Debug;
		};
		656C5F712B30A3CF009E5245 /* Release */ = {
			isa = XCBuildConfiguration;
			buildSettings = {
				ALWAYS_SEARCH_USER_PATHS = NO;
				ASSETCATALOG_COMPILER_GENERATE_SWIFT_ASSET_SYMBOL_EXTENSIONS = YES;
				CLANG_ANALYZER_NONNULL = YES;
				CLANG_ANALYZER_NUMBER_OBJECT_CONVERSION = YES_AGGRESSIVE;
				CLANG_CXX_LANGUAGE_STANDARD = "gnu++20";
				CLANG_ENABLE_MODULES = YES;
				CLANG_ENABLE_OBJC_ARC = YES;
				CLANG_ENABLE_OBJC_WEAK = YES;
				CLANG_WARN_BLOCK_CAPTURE_AUTORELEASING = YES;
				CLANG_WARN_BOOL_CONVERSION = YES;
				CLANG_WARN_COMMA = YES;
				CLANG_WARN_CONSTANT_CONVERSION = YES;
				CLANG_WARN_DEPRECATED_OBJC_IMPLEMENTATIONS = YES;
				CLANG_WARN_DIRECT_OBJC_ISA_USAGE = YES_ERROR;
				CLANG_WARN_DOCUMENTATION_COMMENTS = YES;
				CLANG_WARN_EMPTY_BODY = YES;
				CLANG_WARN_ENUM_CONVERSION = YES;
				CLANG_WARN_INFINITE_RECURSION = YES;
				CLANG_WARN_INT_CONVERSION = YES;
				CLANG_WARN_NON_LITERAL_NULL_CONVERSION = YES;
				CLANG_WARN_OBJC_IMPLICIT_RETAIN_SELF = YES;
				CLANG_WARN_OBJC_LITERAL_CONVERSION = YES;
				CLANG_WARN_OBJC_ROOT_CLASS = YES_ERROR;
				CLANG_WARN_QUOTED_INCLUDE_IN_FRAMEWORK_HEADER = YES;
				CLANG_WARN_RANGE_LOOP_ANALYSIS = YES;
				CLANG_WARN_STRICT_PROTOTYPES = YES;
				CLANG_WARN_SUSPICIOUS_MOVE = YES;
				CLANG_WARN_UNGUARDED_AVAILABILITY = YES_AGGRESSIVE;
				CLANG_WARN_UNREACHABLE_CODE = YES;
				CLANG_WARN__DUPLICATE_METHOD_MATCH = YES;
				COPY_PHASE_STRIP = NO;
				DEBUG_INFORMATION_FORMAT = "dwarf-with-dsym";
				ENABLE_NS_ASSERTIONS = NO;
				ENABLE_STRICT_OBJC_MSGSEND = YES;
				ENABLE_USER_SCRIPT_SANDBOXING = YES;
				GCC_C_LANGUAGE_STANDARD = gnu17;
				GCC_NO_COMMON_BLOCKS = YES;
				GCC_WARN_64_TO_32_BIT_CONVERSION = YES;
				GCC_WARN_ABOUT_RETURN_TYPE = YES_ERROR;
				GCC_WARN_UNDECLARED_SELECTOR = YES;
				GCC_WARN_UNINITIALIZED_AUTOS = YES_AGGRESSIVE;
				GCC_WARN_UNUSED_FUNCTION = YES;
				GCC_WARN_UNUSED_VARIABLE = YES;
				IPHONEOS_DEPLOYMENT_TARGET = 17.2;
				LOCALIZATION_PREFERS_STRING_CATALOGS = YES;
				MTL_ENABLE_DEBUG_INFO = NO;
				MTL_FAST_MATH = YES;
				SDKROOT = iphoneos;
				SWIFT_COMPILATION_MODE = wholemodule;
				VALIDATE_PRODUCT = YES;
			};
			name = Release;
		};
		656C5F732B30A3CF009E5245 /* Debug */ = {
			isa = XCBuildConfiguration;
			buildSettings = {
				ASSETCATALOG_COMPILER_APPICON_NAME = AppIcon;
				ASSETCATALOG_COMPILER_GLOBAL_ACCENT_COLOR_NAME = AccentColor;
				CODE_SIGN_STYLE = Automatic;
				CURRENT_PROJECT_VERSION = 1;
				DEVELOPMENT_TEAM = 4UP69BH7R6;
				GENERATE_INFOPLIST_FILE = YES;
				INFOPLIST_FILE = FileManagerSample/Info.plist;
				INFOPLIST_KEY_NSPhotoLibraryUsageDescription = "We would like to access the photo library for the select image";
				INFOPLIST_KEY_UIApplicationSupportsIndirectInputEvents = YES;
				INFOPLIST_KEY_UILaunchStoryboardName = LaunchScreen;
				INFOPLIST_KEY_UIMainStoryboardFile = Main;
				INFOPLIST_KEY_UISupportedInterfaceOrientations_iPad = "UIInterfaceOrientationPortrait UIInterfaceOrientationPortraitUpsideDown UIInterfaceOrientationLandscapeLeft UIInterfaceOrientationLandscapeRight";
				INFOPLIST_KEY_UISupportedInterfaceOrientations_iPhone = "UIInterfaceOrientationPortrait UIInterfaceOrientationLandscapeLeft UIInterfaceOrientationLandscapeRight";
				INFOPLIST_KEY_UISupportsDocumentBrowser = YES;
				LD_RUNPATH_SEARCH_PATHS = (
					"$(inherited)",
					"@executable_path/Frameworks",
				);
				MARKETING_VERSION = 1.0;
				PRODUCT_BUNDLE_IDENTIFIER = com.cq.FileManagerSample;
				PRODUCT_NAME = "$(TARGET_NAME)";
				SWIFT_EMIT_LOC_STRINGS = YES;
				SWIFT_VERSION = 5.0;
				TARGETED_DEVICE_FAMILY = "1,2";
			};
			name = Debug;
		};
		656C5F742B30A3CF009E5245 /* Release */ = {
			isa = XCBuildConfiguration;
			buildSettings = {
				ASSETCATALOG_COMPILER_APPICON_NAME = AppIcon;
				ASSETCATALOG_COMPILER_GLOBAL_ACCENT_COLOR_NAME = AccentColor;
				CODE_SIGN_STYLE = Automatic;
				CURRENT_PROJECT_VERSION = 1;
				DEVELOPMENT_TEAM = 4UP69BH7R6;
				GENERATE_INFOPLIST_FILE = YES;
				INFOPLIST_FILE = FileManagerSample/Info.plist;
				INFOPLIST_KEY_NSPhotoLibraryUsageDescription = "We would like to access the photo library for the select image";
				INFOPLIST_KEY_UIApplicationSupportsIndirectInputEvents = YES;
				INFOPLIST_KEY_UILaunchStoryboardName = LaunchScreen;
				INFOPLIST_KEY_UIMainStoryboardFile = Main;
				INFOPLIST_KEY_UISupportedInterfaceOrientations_iPad = "UIInterfaceOrientationPortrait UIInterfaceOrientationPortraitUpsideDown UIInterfaceOrientationLandscapeLeft UIInterfaceOrientationLandscapeRight";
				INFOPLIST_KEY_UISupportedInterfaceOrientations_iPhone = "UIInterfaceOrientationPortrait UIInterfaceOrientationLandscapeLeft UIInterfaceOrientationLandscapeRight";
				INFOPLIST_KEY_UISupportsDocumentBrowser = YES;
				LD_RUNPATH_SEARCH_PATHS = (
					"$(inherited)",
					"@executable_path/Frameworks",
				);
				MARKETING_VERSION = 1.0;
				PRODUCT_BUNDLE_IDENTIFIER = com.cq.FileManagerSample;
				PRODUCT_NAME = "$(TARGET_NAME)";
				SWIFT_EMIT_LOC_STRINGS = YES;
				SWIFT_VERSION = 5.0;
				TARGETED_DEVICE_FAMILY = "1,2";
			};
			name = Release;
		};
		656C5F762B30A3CF009E5245 /* Debug */ = {
			isa = XCBuildConfiguration;
			buildSettings = {
				ALWAYS_EMBED_SWIFT_STANDARD_LIBRARIES = YES;
				BUNDLE_LOADER = "$(TEST_HOST)";
				CODE_SIGN_STYLE = Automatic;
				CURRENT_PROJECT_VERSION = 1;
				GENERATE_INFOPLIST_FILE = YES;
				IPHONEOS_DEPLOYMENT_TARGET = 17.2;
				MARKETING_VERSION = 1.0;
				PRODUCT_BUNDLE_IDENTIFIER = com.hls.FileManagerSampleTests;
				PRODUCT_NAME = "$(TARGET_NAME)";
				SWIFT_EMIT_LOC_STRINGS = NO;
				SWIFT_VERSION = 5.0;
				TARGETED_DEVICE_FAMILY = "1,2";
				TEST_HOST = "$(BUILT_PRODUCTS_DIR)/FileManagerSample.app/$(BUNDLE_EXECUTABLE_FOLDER_PATH)/FileManagerSample";
			};
			name = Debug;
		};
		656C5F772B30A3CF009E5245 /* Release */ = {
			isa = XCBuildConfiguration;
			buildSettings = {
				ALWAYS_EMBED_SWIFT_STANDARD_LIBRARIES = YES;
				BUNDLE_LOADER = "$(TEST_HOST)";
				CODE_SIGN_STYLE = Automatic;
				CURRENT_PROJECT_VERSION = 1;
				GENERATE_INFOPLIST_FILE = YES;
				IPHONEOS_DEPLOYMENT_TARGET = 17.2;
				MARKETING_VERSION = 1.0;
				PRODUCT_BUNDLE_IDENTIFIER = com.hls.FileManagerSampleTests;
				PRODUCT_NAME = "$(TARGET_NAME)";
				SWIFT_EMIT_LOC_STRINGS = NO;
				SWIFT_VERSION = 5.0;
				TARGETED_DEVICE_FAMILY = "1,2";
				TEST_HOST = "$(BUILT_PRODUCTS_DIR)/FileManagerSample.app/$(BUNDLE_EXECUTABLE_FOLDER_PATH)/FileManagerSample";
			};
			name = Release;
		};
		656C5F792B30A3CF009E5245 /* Debug */ = {
			isa = XCBuildConfiguration;
			buildSettings = {
				ALWAYS_EMBED_SWIFT_STANDARD_LIBRARIES = YES;
				CODE_SIGN_STYLE = Automatic;
				CURRENT_PROJECT_VERSION = 1;
				GENERATE_INFOPLIST_FILE = YES;
				MARKETING_VERSION = 1.0;
				PRODUCT_BUNDLE_IDENTIFIER = com.hls.FileManagerSampleUITests;
				PRODUCT_NAME = "$(TARGET_NAME)";
				SWIFT_EMIT_LOC_STRINGS = NO;
				SWIFT_VERSION = 5.0;
				TARGETED_DEVICE_FAMILY = "1,2";
				TEST_TARGET_NAME = FileManagerSample;
			};
			name = Debug;
		};
		656C5F7A2B30A3CF009E5245 /* Release */ = {
			isa = XCBuildConfiguration;
			buildSettings = {
				ALWAYS_EMBED_SWIFT_STANDARD_LIBRARIES = YES;
				CODE_SIGN_STYLE = Automatic;
				CURRENT_PROJECT_VERSION = 1;
				GENERATE_INFOPLIST_FILE = YES;
				MARKETING_VERSION = 1.0;
				PRODUCT_BUNDLE_IDENTIFIER = com.hls.FileManagerSampleUITests;
				PRODUCT_NAME = "$(TARGET_NAME)";
				SWIFT_EMIT_LOC_STRINGS = NO;
				SWIFT_VERSION = 5.0;
				TARGETED_DEVICE_FAMILY = "1,2";
				TEST_TARGET_NAME = FileManagerSample;
			};
			name = Release;
		};
/* End XCBuildConfiguration section */

/* Begin XCConfigurationList section */
		656C5F432B30A3CE009E5245 /* Build configuration list for PBXProject "FileManagerSample" */ = {
			isa = XCConfigurationList;
			buildConfigurations = (
				656C5F702B30A3CF009E5245 /* Debug */,
				656C5F712B30A3CF009E5245 /* Release */,
			);
			defaultConfigurationIsVisible = 0;
			defaultConfigurationName = Release;
		};
		656C5F722B30A3CF009E5245 /* Build configuration list for PBXNativeTarget "FileManagerSample" */ = {
			isa = XCConfigurationList;
			buildConfigurations = (
				656C5F732B30A3CF009E5245 /* Debug */,
				656C5F742B30A3CF009E5245 /* Release */,
			);
			defaultConfigurationIsVisible = 0;
			defaultConfigurationName = Release;
		};
		656C5F752B30A3CF009E5245 /* Build configuration list for PBXNativeTarget "FileManagerSampleTests" */ = {
			isa = XCConfigurationList;
			buildConfigurations = (
				656C5F762B30A3CF009E5245 /* Debug */,
				656C5F772B30A3CF009E5245 /* Release */,
			);
			defaultConfigurationIsVisible = 0;
			defaultConfigurationName = Release;
		};
		656C5F782B30A3CF009E5245 /* Build configuration list for PBXNativeTarget "FileManagerSampleUITests" */ = {
			isa = XCConfigurationList;
			buildConfigurations = (
				656C5F792B30A3CF009E5245 /* Debug */,
				656C5F7A2B30A3CF009E5245 /* Release */,
			);
			defaultConfigurationIsVisible = 0;
			defaultConfigurationName = Release;
		};
/* End XCConfigurationList section */
	};
	rootObject = 656C5F402B30A3CE009E5245 /* Project object */;
}
